// !$*UTF8*$!
{
	archiveVersion = 1;
	classes = {
	};
	objectVersion = 46;
	objects = {

/* Begin PBXBuildFile section */
		BAFECA4A1A3A1E9E006F60CA /* main.m in Sources */ = {isa = PBXBuildFile; fileRef = BAFECA491A3A1E9E006F60CA /* main.m */; };
		BAFECA4D1A3A1E9E006F60CA /* AppDelegate.m in Sources */ = {isa = PBXBuildFile; fileRef = BAFECA4C1A3A1E9E006F60CA /* AppDelegate.m */; };
		BAFECA501A3A1E9E006F60CA /* iTransport.xcdatamodeld in Sources */ = {isa = PBXBuildFile; fileRef = BAFECA4E1A3A1E9E006F60CA /* iTransport.xcdatamodeld */; };
		BAFECA531A3A1E9E006F60CA /* ViewController.m in Sources */ = {isa = PBXBuildFile; fileRef = BAFECA521A3A1E9E006F60CA /* ViewController.m */; };
		BAFECA561A3A1E9E006F60CA /* Main.storyboard in Resources */ = {isa = PBXBuildFile; fileRef = BAFECA541A3A1E9E006F60CA /* Main.storyboard */; };
		BAFECA581A3A1E9E006F60CA /* Images.xcassets in Resources */ = {isa = PBXBuildFile; fileRef = BAFECA571A3A1E9E006F60CA /* Images.xcassets */; };
		BAFECA5B1A3A1E9E006F60CA /* LaunchScreen.xib in Resources */ = {isa = PBXBuildFile; fileRef = BAFECA591A3A1E9E006F60CA /* LaunchScreen.xib */; };
		BAFECA671A3A1E9E006F60CA /* iTransportTests.m in Sources */ = {isa = PBXBuildFile; fileRef = BAFECA661A3A1E9E006F60CA /* iTransportTests.m */; };
/* End PBXBuildFile section */

/* Begin PBXContainerItemProxy section */
		BAFECA611A3A1E9E006F60CA /* PBXContainerItemProxy */ = {
			isa = PBXContainerItemProxy;
			containerPortal = BAFECA3C1A3A1E9E006F60CA /* Project object */;
			proxyType = 1;
			remoteGlobalIDString = BAFECA431A3A1E9E006F60CA;
			remoteInfo = iTransport;
		};
/* End PBXContainerItemProxy section */

/* Begin PBXFileReference section */
		BAFECA441A3A1E9E006F60CA /* iTransport.app */ = {isa = PBXFileReference; explicitFileType = wrapper.application; includeInIndex = 0; path = iTransport.app; sourceTree = BUILT_PRODUCTS_DIR; };
		BAFECA481A3A1E9E006F60CA /* Info.plist */ = {isa = PBXFileReference; lastKnownFileType = text.plist.xml; path = Info.plist; sourceTree = "<group>"; };
		BAFECA491A3A1E9E006F60CA /* main.m */ = {isa = PBXFileReference; lastKnownFileType = sourcecode.c.objc; path = main.m; sourceTree = "<group>"; };
		BAFECA4B1A3A1E9E006F60CA /* AppDelegate.h */ = {isa = PBXFileReference; lastKnownFileType = sourcecode.c.h; path = AppDelegate.h; sourceTree = "<group>"; };
		BAFECA4C1A3A1E9E006F60CA /* AppDelegate.m */ = {isa = PBXFileReference; lastKnownFileType = sourcecode.c.objc; path = AppDelegate.m; sourceTree = "<group>"; };
		BAFECA4F1A3A1E9E006F60CA /* iTransport.xcdatamodel */ = {isa = PBXFileReference; lastKnownFileType = wrapper.xcdatamodel; path = iTransport.xcdatamodel; sourceTree = "<group>"; };
		BAFECA511A3A1E9E006F60CA /* ViewController.h */ = {isa = PBXFileReference; lastKnownFileType = sourcecode.c.h; path = ViewController.h; sourceTree = "<group>"; };
		BAFECA521A3A1E9E006F60CA /* ViewController.m */ = {isa = PBXFileReference; lastKnownFileType = sourcecode.c.objc; path = ViewController.m; sourceTree = "<group>"; };
		BAFECA551A3A1E9E006F60CA /* Base */ = {isa = PBXFileReference; lastKnownFileType = file.storyboard; name = Base; path = Base.lproj/Main.storyboard; sourceTree = "<group>"; };
		BAFECA571A3A1E9E006F60CA /* Images.xcassets */ = {isa = PBXFileReference; lastKnownFileType = folder.assetcatalog; path = Images.xcassets; sourceTree = "<group>"; };
		BAFECA5A1A3A1E9E006F60CA /* Base */ = {isa = PBXFileReference; lastKnownFileType = file.xib; name = Base; path = Base.lproj/LaunchScreen.xib; sourceTree = "<group>"; };
		BAFECA601A3A1E9E006F60CA /* iTransportTests.xctest */ = {isa = PBXFileReference; explicitFileType = wrapper.cfbundle; includeInIndex = 0; path = iTransportTests.xctest; sourceTree = BUILT_PRODUCTS_DIR; };
		BAFECA651A3A1E9E006F60CA /* Info.plist */ = {isa = PBXFileReference; lastKnownFileType = text.plist.xml; path = Info.plist; sourceTree = "<group>"; };
		BAFECA661A3A1E9E006F60CA /* iTransportTests.m */ = {isa = PBXFileReference; lastKnownFileType = sourcecode.c.objc; path = iTransportTests.m; sourceTree = "<group>"; };
/* End PBXFileReference section */

/* Begin PBXFrameworksBuildPhase section */
		BAFECA411A3A1E9E006F60CA /* Frameworks */ = {
			isa = PBXFrameworksBuildPhase;
			buildActionMask = 2147483647;
			files = (
			);
			runOnlyForDeploymentPostprocessing = 0;
		};
		BAFECA5D1A3A1E9E006F60CA /* Frameworks */ = {
			isa = PBXFrameworksBuildPhase;
			buildActionMask = 2147483647;
			files = (
			);
			runOnlyForDeploymentPostprocessing = 0;
		};
/* End PBXFrameworksBuildPhase section */

/* Begin PBXGroup section */
		BAFECA3B1A3A1E9E006F60CA = {
			isa = PBXGroup;
			children = (
				BAFECA461A3A1E9E006F60CA /* iTransport */,
				BAFECA631A3A1E9E006F60CA /* iTransportTests */,
				BAFECA451A3A1E9E006F60CA /* Products */,
			);
			sourceTree = "<group>";
		};
		BAFECA451A3A1E9E006F60CA /* Products */ = {
			isa = PBXGroup;
			children = (
				BAFECA441A3A1E9E006F60CA /* iTransport.app */,
				BAFECA601A3A1E9E006F60CA /* iTransportTests.xctest */,
			);
			name = Products;
			sourceTree = "<group>";
		};
		BAFECA461A3A1E9E006F60CA /* iTransport */ = {
			isa = PBXGroup;
			children = (
				BAFECA4B1A3A1E9E006F60CA /* AppDelegate.h */,
				BAFECA4C1A3A1E9E006F60CA /* AppDelegate.m */,
				BAFECA511A3A1E9E006F60CA /* ViewController.h */,
				BAFECA521A3A1E9E006F60CA /* ViewController.m */,
				BAFECA541A3A1E9E006F60CA /* Main.storyboard */,
				BAFECA571A3A1E9E006F60CA /* Images.xcassets */,
				BAFECA591A3A1E9E006F60CA /* LaunchScreen.xib */,
				BAFECA4E1A3A1E9E006F60CA /* iTransport.xcdatamodeld */,
				BAFECA471A3A1E9E006F60CA /* Supporting Files */,
			);
			path = iTransport;
			sourceTree = "<group>";
		};
		BAFECA471A3A1E9E006F60CA /* Supporting Files */ = {
			isa = PBXGroup;
			children = (
				BAFECA481A3A1E9E006F60CA /* Info.plist */,
				BAFECA491A3A1E9E006F60CA /* main.m */,
			);
			name = "Supporting Files";
			sourceTree = "<group>";
		};
		BAFECA631A3A1E9E006F60CA /* iTransportTests */ = {
			isa = PBXGroup;
			children = (
				BAFECA661A3A1E9E006F60CA /* iTransportTests.m */,
				BAFECA641A3A1E9E006F60CA /* Supporting Files */,
			);
			path = iTransportTests;
			sourceTree = "<group>";
		};
		BAFECA641A3A1E9E006F60CA /* Supporting Files */ = {
			isa = PBXGroup;
			children = (
				BAFECA651A3A1E9E006F60CA /* Info.plist */,
			);
			name = "Supporting Files";
			sourceTree = "<group>";
		};
/* End PBXGroup section */

/* Begin PBXNativeTarget section */
		BAFECA431A3A1E9E006F60CA /* iTransport */ = {
			isa = PBXNativeTarget;
			buildConfigurationList = BAFECA6A1A3A1E9E006F60CA /* Build configuration list for PBXNativeTarget "iTransport" */;
			buildPhases = (
				BAFECA401A3A1E9E006F60CA /* Sources */,
				BAFECA411A3A1E9E006F60CA /* Frameworks */,
				BAFECA421A3A1E9E006F60CA /* Resources */,
			);
			buildRules = (
			);
			dependencies = (
			);
			name = iTransport;
			productName = iTransport;
			productReference = BAFECA441A3A1E9E006F60CA /* iTransport.app */;
			productType = "com.apple.product-type.application";
		};
		BAFECA5F1A3A1E9E006F60CA /* iTransportTests */ = {
			isa = PBXNativeTarget;
			buildConfigurationList = BAFECA6D1A3A1E9E006F60CA /* Build configuration list for PBXNativeTarget "iTransportTests" */;
			buildPhases = (
				BAFECA5C1A3A1E9E006F60CA /* Sources */,
				BAFECA5D1A3A1E9E006F60CA /* Frameworks */,
				BAFECA5E1A3A1E9E006F60CA /* Resources */,
			);
			buildRules = (
			);
			dependencies = (
				BAFECA621A3A1E9E006F60CA /* PBXTargetDependency */,
			);
			name = iTransportTests;
			productName = iTransportTests;
			productReference = BAFECA601A3A1E9E006F60CA /* iTransportTests.xctest */;
			productType = "com.apple.product-type.bundle.unit-test";
		};
/* End PBXNativeTarget section */

/* Begin PBXProject section */
		BAFECA3C1A3A1E9E006F60CA /* Project object */ = {
			isa = PBXProject;
			attributes = {
				LastUpgradeCheck = 0610;
				ORGANIZATIONNAME = "Grace Inc.";
				TargetAttributes = {
					BAFECA431A3A1E9E006F60CA = {
						CreatedOnToolsVersion = 6.1;
					};
					BAFECA5F1A3A1E9E006F60CA = {
						CreatedOnToolsVersion = 6.1;
						TestTargetID = BAFECA431A3A1E9E006F60CA;
					};
				};
			};
			buildConfigurationList = BAFECA3F1A3A1E9E006F60CA /* Build configuration list for PBXProject "iTransport" */;
			compatibilityVersion = "Xcode 3.2";
			developmentRegion = English;
			hasScannedForEncodings = 0;
			knownRegions = (
				en,
				Base,
			);
			mainGroup = BAFECA3B1A3A1E9E006F60CA;
			productRefGroup = BAFECA451A3A1E9E006F60CA /* Products */;
			projectDirPath = "";
			projectRoot = "";
			targets = (
				BAFECA431A3A1E9E006F60CA /* iTransport */,
				BAFECA5F1A3A1E9E006F60CA /* iTransportTests */,
			);
		};
/* End PBXProject section */

/* Begin PBXResourcesBuildPhase section */
		BAFECA421A3A1E9E006F60CA /* Resources */ = {
			isa = PBXResourcesBuildPhase;
			buildActionMask = 2147483647;
			files = (
				BAFECA561A3A1E9E006F60CA /* Main.storyboard in Resources */,
				BAFECA5B1A3A1E9E006F60CA /* LaunchScreen.xib in Resources */,
				BAFECA581A3A1E9E006F60CA /* Images.xcassets in Resources */,
			);
			runOnlyForDeploymentPostprocessing = 0;
		};
		BAFECA5E1A3A1E9E006F60CA /* Resources */ = {
			isa = PBXResourcesBuildPhase;
			buildActionMask = 2147483647;
			files = (
			);
			runOnlyForDeploymentPostprocessing = 0;
		};
/* End PBXResourcesBuildPhase section */

/* Begin PBXSourcesBuildPhase section */
		BAFECA401A3A1E9E006F60CA /* Sources */ = {
			isa = PBXSourcesBuildPhase;
			buildActionMask = 2147483647;
			files = (
				BAFECA4D1A3A1E9E006F60CA /* AppDelegate.m in Sources */,
				BAFECA501A3A1E9E006F60CA /* iTransport.xcdatamodeld in Sources */,
				BAFECA531A3A1E9E006F60CA /* ViewController.m in Sources */,
				BAFECA4A1A3A1E9E006F60CA /* main.m in Sources */,
			);
			runOnlyForDeploymentPostprocessing = 0;
		};
		BAFECA5C1A3A1E9E006F60CA /* Sources */ = {
			isa = PBXSourcesBuildPhase;
			buildActionMask = 2147483647;
			files = (
				BAFECA671A3A1E9E006F60CA /* iTransportTests.m in Sources */,
			);
			runOnlyForDeploymentPostprocessing = 0;
		};
/* End PBXSourcesBuildPhase section */

/* Begin PBXTargetDependency section */
		BAFECA621A3A1E9E006F60CA /* PBXTargetDependency */ = {
			isa = PBXTargetDependency;
			target = BAFECA431A3A1E9E006F60CA /* iTransport */;
			targetProxy = BAFECA611A3A1E9E006F60CA /* PBXContainerItemProxy */;
		};
/* End PBXTargetDependency section */

/* Begin PBXVariantGroup section */
		BAFECA541A3A1E9E006F60CA /* Main.storyboard */ = {
			isa = PBXVariantGroup;
			children = (
				BAFECA551A3A1E9E006F60CA /* Base */,
			);
			name = Main.storyboard;
			sourceTree = "<group>";
		};
		BAFECA591A3A1E9E006F60CA /* LaunchScreen.xib */ = {
			isa = PBXVariantGroup;
			children = (
				BAFECA5A1A3A1E9E006F60CA /* Base */,
			);
			name = LaunchScreen.xib;
			sourceTree = "<group>";
		};
/* End PBXVariantGroup section */

/* Begin XCBuildConfiguration section */
		BAFECA681A3A1E9E006F60CA /* Debug */ = {
			isa = XCBuildConfiguration;
			buildSettings = {
				ALWAYS_SEARCH_USER_PATHS = NO;
				CLANG_CXX_LANGUAGE_STANDARD = "gnu++0x";
				CLANG_CXX_LIBRARY = "libc++";
				CLANG_ENABLE_MODULES = YES;
				CLANG_ENABLE_OBJC_ARC = YES;
				CLANG_WARN_BOOL_CONVERSION = YES;
				CLANG_WARN_CONSTANT_CONVERSION = YES;
				CLANG_WARN_DIRECT_OBJC_ISA_USAGE = YES_ERROR;
				CLANG_WARN_EMPTY_BODY = YES;
				CLANG_WARN_ENUM_CONVERSION = YES;
				CLANG_WARN_INT_CONVERSION = YES;
				CLANG_WARN_OBJC_ROOT_CLASS = YES_ERROR;
				CLANG_WARN_UNREACHABLE_CODE = YES;
				CLANG_WARN__DUPLICATE_METHOD_MATCH = YES;
				"CODE_SIGN_IDENTITY[sdk=iphoneos*]" = "iPhone Developer";
				COPY_PHASE_STRIP = NO;
				ENABLE_STRICT_OBJC_MSGSEND = YES;
				GCC_C_LANGUAGE_STANDARD = gnu99;
				GCC_DYNAMIC_NO_PIC = NO;
				GCC_OPTIMIZATION_LEVEL = 0;
				GCC_PREPROCESSOR_DEFINITIONS = (
					"DEBUG=1",
					"$(inherited)",
				);
				GCC_SYMBOLS_PRIVATE_EXTERN = NO;
				GCC_WARN_64_TO_32_BIT_CONVERSION = YES;
				GCC_WARN_ABOUT_RETURN_TYPE = YES_ERROR;
				GCC_WARN_UNDECLARED_SELECTOR = YES;
				GCC_WARN_UNINITIALIZED_AUTOS = YES_AGGRESSIVE;
				GCC_WARN_UNUSED_FUNCTION = YES;
				GCC_WARN_UNUSED_VARIABLE = YES;
				IPHONEOS_DEPLOYMENT_TARGET = 8.1;
				MTL_ENABLE_DEBUG_INFO = YES;
				ONLY_ACTIVE_ARCH = YES;
				SDKROOT = iphoneos;
				TARGETED_DEVICE_FAMILY = "1,2";
			};
			name = Debug;
		};
		BAFECA691A3A1E9E006F60CA /* Release */ = {
			isa = XCBuildConfiguration;
			buildSettings = {
				ALWAYS_SEARCH_USER_PATHS = NO;
				CLANG_CXX_LANGUAGE_STANDARD = "gnu++0x";
				CLANG_CXX_LIBRARY = "libc++";
				CLANG_ENABLE_MODULES = YES;
				CLANG_ENABLE_OBJC_ARC = YES;
				CLANG_WARN_BOOL_CONVERSION = YES;
				CLANG_WARN_CONSTANT_CONVERSION = YES;
				CLANG_WARN_DIRECT_OBJC_ISA_USAGE = YES_ERROR;
				CLANG_WARN_EMPTY_BODY = YES;
				CLANG_WARN_ENUM_CONVERSION = YES;
				CLANG_WARN_INT_CONVERSION = YES;
				CLANG_WARN_OBJC_ROOT_CLASS = YES_ERROR;
				CLANG_WARN_UNREACHABLE_CODE = YES;
				CLANG_WARN__DUPLICATE_METHOD_MATCH = YES;
				"CODE_SIGN_IDENTITY[sdk=iphoneos*]" = "iPhone Developer";
				COPY_PHASE_STRIP = YES;
				ENABLE_NS_ASSERTIONS = NO;
				ENABLE_STRICT_OBJC_MSGSEND = YES;
				GCC_C_LANGUAGE_STANDARD = gnu99;
				GCC_WARN_64_TO_32_BIT_CONVERSION = YES;
				GCC_WARN_ABOUT_RETURN_TYPE = YES_ERROR;
				GCC_WARN_UNDECLARED_SELECTOR = YES;
				GCC_WARN_UNINITIALIZED_AUTOS = YES_AGGRESSIVE;
				GCC_WARN_UNUSED_FUNCTION = YES;
				GCC_WARN_UNUSED_VARIABLE = YES;
				IPHONEOS_DEPLOYMENT_TARGET = 8.1;
				MTL_ENABLE_DEBUG_INFO = NO;
				SDKROOT = iphoneos;
				TARGETED_DEVICE_FAMILY = "1,2";
				VALIDATE_PRODUCT = YES;
			};
			name = Release;
		};
		BAFECA6B1A3A1E9E006F60CA /* Debug */ = {
			isa = XCBuildConfiguration;
			buildSettings = {
				ASSETCATALOG_COMPILER_APPICON_NAME = AppIcon;
				INFOPLIST_FILE = iTransport/Info.plist;
				LD_RUNPATH_SEARCH_PATHS = "$(inherited) @executable_path/Frameworks";
				PRODUCT_NAME = "$(TARGET_NAME)";
			};
			name = Debug;
		};
		BAFECA6C1A3A1E9E006F60CA /* Release */ = {
			isa = XCBuildConfiguration;
			buildSettings = {
				ASSETCATALOG_COMPILER_APPICON_NAME = AppIcon;
				INFOPLIST_FILE = iTransport/Info.plist;
				LD_RUNPATH_SEARCH_PATHS = "$(inherited) @executable_path/Frameworks";
				PRODUCT_NAME = "$(TARGET_NAME)";
			};
			name = Release;
		};
		BAFECA6E1A3A1E9E006F60CA /* Debug */ = {
			isa = XCBuildConfiguration;
			buildSettings = {
				BUNDLE_LOADER = "$(TEST_HOST)";
				FRAMEWORK_SEARCH_PATHS = (
					"$(SDKROOT)/Developer/Library/Frameworks",
					"$(inherited)",
				);
				GCC_PREPROCESSOR_DEFINITIONS = (
					"DEBUG=1",
					"$(inherited)",
				);
				INFOPLIST_FILE = iTransportTests/Info.plist;
				LD_RUNPATH_SEARCH_PATHS = "$(inherited) @executable_path/Frameworks @loader_path/Frameworks";
				PRODUCT_NAME = "$(TARGET_NAME)";
				TEST_HOST = "$(BUILT_PRODUCTS_DIR)/iTransport.app/iTransport";
			};
			name = Debug;
		};
		BAFECA6F1A3A1E9E006F60CA /* Release */ = {
			isa = XCBuildConfiguration;
			buildSettings = {
				BUNDLE_LOADER = "$(TEST_HOST)";
				FRAMEWORK_SEARCH_PATHS = (
					"$(SDKROOT)/Developer/Library/Frameworks",
					"$(inherited)",
				);
				INFOPLIST_FILE = iTransportTests/Info.plist;
				LD_RUNPATH_SEARCH_PATHS = "$(inherited) @executable_path/Frameworks @loader_path/Frameworks";
				PRODUCT_NAME = "$(TARGET_NAME)";
				TEST_HOST = "$(BUILT_PRODUCTS_DIR)/iTransport.app/iTransport";
			};
			name = Release;
		};
/* End XCBuildConfiguration section */

/* Begin XCConfigurationList section */
		BAFECA3F1A3A1E9E006F60CA /* Build configuration list for PBXProject "iTransport" */ = {
			isa = XCConfigurationList;
			buildConfigurations = (
				BAFECA681A3A1E9E006F60CA /* Debug */,
				BAFECA691A3A1E9E006F60CA /* Release */,
			);
			defaultConfigurationIsVisible = 0;
			defaultConfigurationName = Release;
		};
		BAFECA6A1A3A1E9E006F60CA /* Build configuration list for PBXNativeTarget "iTransport" */ = {
			isa = XCConfigurationList;
			buildConfigurations = (
				BAFECA6B1A3A1E9E006F60CA /* Debug */,
				BAFECA6C1A3A1E9E006F60CA /* Release */,
			);
			defaultConfigurationIsVisible = 0;
		};
		BAFECA6D1A3A1E9E006F60CA /* Build configuration list for PBXNativeTarget "iTransportTests" */ = {
			isa = XCConfigurationList;
			buildConfigurations = (
				BAFECA6E1A3A1E9E006F60CA /* Debug */,
				BAFECA6F1A3A1E9E006F60CA /* Release */,
			);
			defaultConfigurationIsVisible = 0;
		};
/* End XCConfigurationList section */

/* Begin XCVersionGroup section */
		BAFECA4E1A3A1E9E006F60CA /* iTransport.xcdatamodeld */ = {
			isa = XCVersionGroup;
			children = (
				BAFECA4F1A3A1E9E006F60CA /* iTransport.xcdatamodel */,
			);
			currentVersion = BAFECA4F1A3A1E9E006F60CA /* iTransport.xcdatamodel */;
			path = iTransport.xcdatamodeld;
			sourceTree = "<group>";
			versionGroupType = wrapper.xcdatamodel;
		};
/* End XCVersionGroup section */
	};
	rootObject = BAFECA3C1A3A1E9E006F60CA /* Project object */;
}
